# This file is autogenerated, do not edit; changes may be undone by the next 'dep ensure'.


[[projects]]
  branch = "master"
  digest = "1:ad90cbfaeb74563adf5a06cd662036d2abcdc65984ddb2ba327f2de754c83421"
  name = "github.com/buger/jsonparser"
  packages = ["."]
  pruneopts = "UT"
  revision = "f4dd9f5a6b441265aefc1d44872a6f8c10f42b37"

[[projects]]
  branch = "master"
  digest = "1:88a820f00b356cd0015c078500e22b21edb9771554c02967b017da87f107289d"
  name = "github.com/goatcms/goatcore"
  packages = [
    "app",
    "app/bootstrap",
    "app/gio",
    "app/goatapp",
    "app/injector",
    "app/mockupapp",
    "app/modules/terminal",
    "app/scope",
    "app/scope/argscope",
    "dependency",
    "dependency/provider",
    "filesystem",
    "filesystem/disk",
    "filesystem/filespace/diskfs",
    "filesystem/filespace/memfs",
    "filesystem/fshelper",
    "filesystem/fsloop",
    "filesystem/json",
    "goathtml",
    "goattext/gtprovider",
    "messages",
    "repositories",
    "repositories/git",
    "varutil",
    "varutil/goaterr",
    "varutil/plainmap",
    "varutil/r",
    "varutil/totype",
    "workers",
    "workers/jobsync",
  ]
  pruneopts = "UT"
  revision = "de57b1adc7ac44118dde96785161d72956fc427c"

[[projects]]
  branch = "master"
  digest = "1:c7354463195544b1ab3c1f1fadb41430947f5d28dfbf2cdbd38268c5717a5a03"
  name = "github.com/mitchellh/go-homedir"
  packages = ["."]
  pruneopts = "UT"
  revision = "58046073cbffe2f25d425fe1331102f55cf719de"

[solve-meta]
  analyzer-name = "dep"
  analyzer-version = 1
  input-imports = [
    "github.com/buger/jsonparser",
    "github.com/goatcms/goatcore/app",
    "github.com/goatcms/goatcore/app/bootstrap",
    "github.com/goatcms/goatcore/app/gio",
    "github.com/goatcms/goatcore/app/goatapp",
    "github.com/goatcms/goatcore/app/mockupapp",
    "github.com/goatcms/goatcore/app/modules/terminal",
    "github.com/goatcms/goatcore/app/scope",
    "github.com/goatcms/goatcore/app/scope/argscope",
    "github.com/goatcms/goatcore/dependency",
    "github.com/goatcms/goatcore/dependency/provider",
    "github.com/goatcms/goatcore/filesystem",
    "github.com/goatcms/goatcore/filesystem/disk",
    "github.com/goatcms/goatcore/filesystem/filespace/diskfs",
    "github.com/goatcms/goatcore/filesystem/filespace/memfs",
    "github.com/goatcms/goatcore/filesystem/fshelper",
    "github.com/goatcms/goatcore/filesystem/fsloop",
    "github.com/goatcms/goatcore/goattext/gtprovider",
    "github.com/goatcms/goatcore/repositories",
    "github.com/goatcms/goatcore/repositories/git",
    "github.com/goatcms/goatcore/varutil",
    "github.com/goatcms/goatcore/varutil/goaterr",
    "github.com/goatcms/goatcore/varutil/plainmap",
    "github.com/goatcms/goatcore/varutil/totype",
    "github.com/mitchellh/go-homedir",
  ]
  solver-name = "gps-cdcl"
  solver-version = 1
